
Microsoft Visual Studio Solution File, Format Version 12.00
# Visual Studio Version 17
VisualStudioVersion = 17.4.33213.308
MinimumVisualStudioVersion = 10.0.40219.1
Project("{FAE04EC0-301F-11D3-BF4B-00C04F79EFBC}") = "28.02.23 dz", "28.02.23 dz\28.02.23 dz.csproj", "{DBEBA583-B0D7-49F6-88C0-949A5C8F2FAA}"
EndProject
Global
	GlobalSection(SolutionConfigurationPlatforms) = preSolution
		Debug|Any CPU = Debug|Any CPU
		Release|Any CPU = Release|Any CPU
	EndGlobalSection
	GlobalSection(ProjectConfigurationPlatforms) = postSolution
		{DBEBA583-B0D7-49F6-88C0-949A5C8F2FAA}.Debug|Any CPU.ActiveCfg = Debug|Any CPU
		{DBEBA583-B0D7-49F6-88C0-949A5C8F2FAA}.Debug|Any CPU.Build.0 = Debug|Any CPU
		{DBEBA583-B0D7-49F6-88C0-949A5C8F2FAA}.Release|Any CPU.ActiveCfg = Release|Any CPU
		{DBEBA583-B0D7-49F6-88C0-949A5C8F2FAA}.Release|Any CPU.Build.0 = Release|Any CPU
	EndGlobalSection
	GlobalSection(SolutionProperties) = preSolution
		HideSolutionNode = FALSE
	EndGlobalSection
	GlobalSection(ExtensibilityGlobals) = postSolution
		SolutionGuid = {E594F768-F45E-497D-B716-C96837B56DA1}
	EndGlobalSection
EndGlobal
